
Microsoft Visual Studio Solution File, Format Version 12.00
# Visual Studio Version 17
VisualStudioVersion = 17.8.34525.116
MinimumVisualStudioVersion = 10.0.40219.1
Project("{FAE04EC0-301F-11D3-BF4B-00C04F79EFBC}") = "src", "src\src.csproj", "{0D5FFDBA-54B9-44BC-96CB-22210AAEA8A3}"
EndProject
Global
	GlobalSection(SolutionConfigurationPlatforms) = preSolution
		Debug|Any CPU = Debug|Any CPU
		Release|Any CPU = Release|Any CPU
	EndGlobalSection
	GlobalSection(ProjectConfigurationPlatforms) = postSolution
		{0D5FFDBA-54B9-44BC-96CB-22210AAEA8A3}.Debug|Any CPU.ActiveCfg = Debug|Any CPU
		{0D5FFDBA-54B9-44BC-96CB-22210AAEA8A3}.Debug|Any CPU.Build.0 = Debug|Any CPU
		{0D5FFDBA-54B9-44BC-96CB-22210AAEA8A3}.Release|Any CPU.ActiveCfg = Release|Any CPU
		{0D5FFDBA-54B9-44BC-96CB-22210AAEA8A3}.Release|Any CPU.Build.0 = Release|Any CPU
	EndGlobalSection
	GlobalSection(SolutionProperties) = preSolution
		HideSolutionNode = FALSE
	EndGlobalSection
	GlobalSection(ExtensibilityGlobals) = postSolution
		SolutionGuid = {D99264F7-D6A5-4DB2-B4B9-8BF219F7C1F4}
	EndGlobalSection
EndGlobal
